
Microsoft Visual Studio Solution File, Format Version 12.00
# Visual Studio Version 17
VisualStudioVersion = 17.11.35327.3
MinimumVisualStudioVersion = 10.0.40219.1
Project("{FAE04EC0-301F-11D3-BF4B-00C04F79EFBC}") = "Alaa_Odev3", "Alaa_Odev3\Alaa_Odev3.csproj", "{3D1F4EA1-8A45-443F-8AAC-9BEF4BF43049}"
EndProject
Project("{2150E333-8FDC-42A3-9474-1A3956D46DE8}") = "Solution Items", "Solution Items", "{8F90E0A2-A755-47DB-AA74-F33757ACE58B}"
EndProject
Global
	GlobalSection(SolutionConfigurationPlatforms) = preSolution
		Debug|Any CPU = Debug|Any CPU
		Release|Any CPU = Release|Any CPU
	EndGlobalSection
	GlobalSection(ProjectConfigurationPlatforms) = postSolution
		{3D1F4EA1-8A45-443F-8AAC-9BEF4BF43049}.Debug|Any CPU.ActiveCfg = Debug|Any CPU
		{3D1F4EA1-8A45-443F-8AAC-9BEF4BF43049}.Debug|Any CPU.Build.0 = Debug|Any CPU
		{3D1F4EA1-8A45-443F-8AAC-9BEF4BF43049}.Debug|Any CPU.Deploy.0 = Debug|Any CPU
		{3D1F4EA1-8A45-443F-8AAC-9BEF4BF43049}.Release|Any CPU.ActiveCfg = Release|Any CPU
		{3D1F4EA1-8A45-443F-8AAC-9BEF4BF43049}.Release|Any CPU.Build.0 = Release|Any CPU
		{3D1F4EA1-8A45-443F-8AAC-9BEF4BF43049}.Release|Any CPU.Deploy.0 = Release|Any CPU
	EndGlobalSection
	GlobalSection(SolutionProperties) = preSolution
		HideSolutionNode = FALSE
	EndGlobalSection
	GlobalSection(ExtensibilityGlobals) = postSolution
		SolutionGuid = {82D73A51-DD71-4458-8B40-4B71AC1DC062}
	EndGlobalSection
EndGlobal
